PODS:
  - Alamofire (5.4.1)
  - InputMask (6.0.0)

DEPENDENCIES:
  - Alamofire (~> 5.4)
  - InputMask (~> 6.0)

SPEC REPOS:
  trunk:
    - Alamofire
    - InputMask

SPEC CHECKSUMS:
  Alamofire: 2291f7d21ca607c491dd17642e5d40fdcda0e65c
  InputMask: f340bdc905a4c4f377e44d865f129f752ac2383d

PODFILE CHECKSUM: 599a2e34e827c646e9da99a4c19ab8c85b728e18

COCOAPODS: 1.10.1
