// !$*UTF8*$!
{
	archiveVersion = 1;
	classes = {
	};
	objectVersion = 50;
	objects = {

/* Begin PBXBuildFile section */
		251509BB704997A949493AE8 /* libPods-S-Boom.a in Frameworks */ = {isa = PBXBuildFile; fileRef = CB203EFDAE85A431B4D8A8E9 /* libPods-S-Boom.a */; };
		6706BBE02638A85100CE4328 /* NameEnterScreenController.swift in Sources */ = {isa = PBXBuildFile; fileRef = 6706BBDF2638A85100CE4328 /* NameEnterScreenController.swift */; };
		6706BBE12638A85100CE4328 /* NameEnterScreenController.swift in Sources */ = {isa = PBXBuildFile; fileRef = 6706BBDF2638A85100CE4328 /* NameEnterScreenController.swift */; };
		6706BBE42638A87D00CE4328 /* NameEnterScreenViewModel.swift in Sources */ = {isa = PBXBuildFile; fileRef = 6706BBE32638A87D00CE4328 /* NameEnterScreenViewModel.swift */; };
		6706BBE52638A87D00CE4328 /* NameEnterScreenViewModel.swift in Sources */ = {isa = PBXBuildFile; fileRef = 6706BBE32638A87D00CE4328 /* NameEnterScreenViewModel.swift */; };
		6706BBE72639339700CE4328 /* EmailEnterScreenController.swift in Sources */ = {isa = PBXBuildFile; fileRef = 6706BBE62639339700CE4328 /* EmailEnterScreenController.swift */; };
		6706BBE82639339700CE4328 /* EmailEnterScreenController.swift in Sources */ = {isa = PBXBuildFile; fileRef = 6706BBE62639339700CE4328 /* EmailEnterScreenController.swift */; };
		6706BBEA263933A400CE4328 /* EmailEnterScreenViewModel.swift in Sources */ = {isa = PBXBuildFile; fileRef = 6706BBE9263933A400CE4328 /* EmailEnterScreenViewModel.swift */; };
		6706BBEB263933A400CE4328 /* EmailEnterScreenViewModel.swift in Sources */ = {isa = PBXBuildFile; fileRef = 6706BBE9263933A400CE4328 /* EmailEnterScreenViewModel.swift */; };
		6706BBEE26393DFB00CE4328 /* Home.storyboard in Resources */ = {isa = PBXBuildFile; fileRef = 6706BBED26393DFB00CE4328 /* Home.storyboard */; };
		6706BBEF26393DFB00CE4328 /* Home.storyboard in Resources */ = {isa = PBXBuildFile; fileRef = 6706BBED26393DFB00CE4328 /* Home.storyboard */; };
		6706BBF12639425500CE4328 /* ProfileManager.swift in Sources */ = {isa = PBXBuildFile; fileRef = 6706BBF02639425500CE4328 /* ProfileManager.swift */; };
		6706BBF22639425500CE4328 /* ProfileManager.swift in Sources */ = {isa = PBXBuildFile; fileRef = 6706BBF02639425500CE4328 /* ProfileManager.swift */; };
		6706BBF4263C1AC300CE4328 /* HomeEmptyScreenController.swift in Sources */ = {isa = PBXBuildFile; fileRef = 6706BBF3263C1AC300CE4328 /* HomeEmptyScreenController.swift */; };
		6706BBF5263C1AC300CE4328 /* HomeEmptyScreenController.swift in Sources */ = {isa = PBXBuildFile; fileRef = 6706BBF3263C1AC300CE4328 /* HomeEmptyScreenController.swift */; };
		6706BBF9263C1AE800CE4328 /* HomeScreenController.swift in Sources */ = {isa = PBXBuildFile; fileRef = 6706BBF8263C1AE800CE4328 /* HomeScreenController.swift */; };
		6706BBFA263C1AE800CE4328 /* HomeScreenController.swift in Sources */ = {isa = PBXBuildFile; fileRef = 6706BBF8263C1AE800CE4328 /* HomeScreenController.swift */; };
		6706BBFD263C1B3E00CE4328 /* HomeInitialScreenController.swift in Sources */ = {isa = PBXBuildFile; fileRef = 6706BBFC263C1B3E00CE4328 /* HomeInitialScreenController.swift */; };
		6706BBFE263C1B3E00CE4328 /* HomeInitialScreenController.swift in Sources */ = {isa = PBXBuildFile; fileRef = 6706BBFC263C1B3E00CE4328 /* HomeInitialScreenController.swift */; };
		6706BC01263C464600CE4328 /* HomeInitialScreenViewModel.swift in Sources */ = {isa = PBXBuildFile; fileRef = 6706BC00263C464600CE4328 /* HomeInitialScreenViewModel.swift */; };
		6706BC02263C464600CE4328 /* HomeInitialScreenViewModel.swift in Sources */ = {isa = PBXBuildFile; fileRef = 6706BC00263C464600CE4328 /* HomeInitialScreenViewModel.swift */; };
		6710935226280B3D00A8B554 /* Auth.storyboard in Resources */ = {isa = PBXBuildFile; fileRef = 6710935126280B3D00A8B554 /* Auth.storyboard */; };
		6710935F26280E2000A8B554 /* Colors.xcassets in Resources */ = {isa = PBXBuildFile; fileRef = 6710935E26280E2000A8B554 /* Colors.xcassets */; };
		6710936026280E2000A8B554 /* Colors.xcassets in Resources */ = {isa = PBXBuildFile; fileRef = 6710935E26280E2000A8B554 /* Colors.xcassets */; };
		67109379262883CF00A8B554 /* Rubik-Bold.ttf in Resources */ = {isa = PBXBuildFile; fileRef = 67109376262883CF00A8B554 /* Rubik-Bold.ttf */; };
		6710937A262883CF00A8B554 /* Rubik-Bold.ttf in Resources */ = {isa = PBXBuildFile; fileRef = 67109376262883CF00A8B554 /* Rubik-Bold.ttf */; };
		6710937B262883CF00A8B554 /* Rubik-Medium.ttf in Resources */ = {isa = PBXBuildFile; fileRef = 67109377262883CF00A8B554 /* Rubik-Medium.ttf */; };
		6710937C262883CF00A8B554 /* Rubik-Medium.ttf in Resources */ = {isa = PBXBuildFile; fileRef = 67109377262883CF00A8B554 /* Rubik-Medium.ttf */; };
		6710937D262883CF00A8B554 /* Rubik-Regular.ttf in Resources */ = {isa = PBXBuildFile; fileRef = 67109378262883CF00A8B554 /* Rubik-Regular.ttf */; };
		6710937E262883CF00A8B554 /* Rubik-Regular.ttf in Resources */ = {isa = PBXBuildFile; fileRef = 67109378262883CF00A8B554 /* Rubik-Regular.ttf */; };
		67243ED0264C2C7300139AC6 /* HomeManager.swift in Sources */ = {isa = PBXBuildFile; fileRef = 67243ECF264C2C7300139AC6 /* HomeManager.swift */; };
		67243ED1264C2C7300139AC6 /* HomeManager.swift in Sources */ = {isa = PBXBuildFile; fileRef = 67243ECF264C2C7300139AC6 /* HomeManager.swift */; };
		67243ED3264D116500139AC6 /* BaseDataModel.swift in Sources */ = {isa = PBXBuildFile; fileRef = 67243ED2264D116500139AC6 /* BaseDataModel.swift */; };
		67243ED4264D116500139AC6 /* BaseDataModel.swift in Sources */ = {isa = PBXBuildFile; fileRef = 67243ED2264D116500139AC6 /* BaseDataModel.swift */; };
		67243ED6264D123700139AC6 /* PromotionModel.swift in Sources */ = {isa = PBXBuildFile; fileRef = 67243ED5264D123700139AC6 /* PromotionModel.swift */; };
		67243ED7264D123700139AC6 /* PromotionModel.swift in Sources */ = {isa = PBXBuildFile; fileRef = 67243ED5264D123700139AC6 /* PromotionModel.swift */; };
		67243ED9264D65B100139AC6 /* CouponProgressModel.swift in Sources */ = {isa = PBXBuildFile; fileRef = 67243ED8264D65B100139AC6 /* CouponProgressModel.swift */; };
		67243EDA264D65B100139AC6 /* CouponProgressModel.swift in Sources */ = {isa = PBXBuildFile; fileRef = 67243ED8264D65B100139AC6 /* CouponProgressModel.swift */; };
		67243EDC264D680900139AC6 /* ReceiptModel.swift in Sources */ = {isa = PBXBuildFile; fileRef = 67243EDB264D680900139AC6 /* ReceiptModel.swift */; };
		67243EDD264D680900139AC6 /* ReceiptModel.swift in Sources */ = {isa = PBXBuildFile; fileRef = 67243EDB264D680900139AC6 /* ReceiptModel.swift */; };
		67243EDF264D681300139AC6 /* CouponModel.swift in Sources */ = {isa = PBXBuildFile; fileRef = 67243EDE264D681300139AC6 /* CouponModel.swift */; };
		67243EE0264D681300139AC6 /* CouponModel.swift in Sources */ = {isa = PBXBuildFile; fileRef = 67243EDE264D681300139AC6 /* CouponModel.swift */; };
		67243EE2264D697B00139AC6 /* PhotoModel.swift in Sources */ = {isa = PBXBuildFile; fileRef = 67243EE1264D697B00139AC6 /* PhotoModel.swift */; };
		67243EE3264D697B00139AC6 /* PhotoModel.swift in Sources */ = {isa = PBXBuildFile; fileRef = 67243EE1264D697B00139AC6 /* PhotoModel.swift */; };
		67243EE5264DEC2B00139AC6 /* HomeScreenViewModel.swift in Sources */ = {isa = PBXBuildFile; fileRef = 67243EE4264DEC2B00139AC6 /* HomeScreenViewModel.swift */; };
		67243EE6264DEC2B00139AC6 /* HomeScreenViewModel.swift in Sources */ = {isa = PBXBuildFile; fileRef = 67243EE4264DEC2B00139AC6 /* HomeScreenViewModel.swift */; };
		67243EE8264DFE1200139AC6 /* DateHelper.swift in Sources */ = {isa = PBXBuildFile; fileRef = 67243EE7264DFE1200139AC6 /* DateHelper.swift */; };
		67243EE9264DFE1200139AC6 /* DateHelper.swift in Sources */ = {isa = PBXBuildFile; fileRef = 67243EE7264DFE1200139AC6 /* DateHelper.swift */; };
		67243EEC264E4F3700139AC6 /* HomeScreenCouponProgressCell.swift in Sources */ = {isa = PBXBuildFile; fileRef = 67243EEB264E4F3700139AC6 /* HomeScreenCouponProgressCell.swift */; };
		67243EED264E4F3700139AC6 /* HomeScreenCouponProgressCell.swift in Sources */ = {isa = PBXBuildFile; fileRef = 67243EEB264E4F3700139AC6 /* HomeScreenCouponProgressCell.swift */; };
		67243EEF264E4F4200139AC6 /* HomeScreenCouponCell.swift in Sources */ = {isa = PBXBuildFile; fileRef = 67243EEE264E4F4200139AC6 /* HomeScreenCouponCell.swift */; };
		67243EF0264E4F4200139AC6 /* HomeScreenCouponCell.swift in Sources */ = {isa = PBXBuildFile; fileRef = 67243EEE264E4F4200139AC6 /* HomeScreenCouponCell.swift */; };
		67243EF2264E4F4C00139AC6 /* HomeScreenReceiptCell.swift in Sources */ = {isa = PBXBuildFile; fileRef = 67243EF1264E4F4C00139AC6 /* HomeScreenReceiptCell.swift */; };
		67243EF3264E4F4C00139AC6 /* HomeScreenReceiptCell.swift in Sources */ = {isa = PBXBuildFile; fileRef = 67243EF1264E4F4C00139AC6 /* HomeScreenReceiptCell.swift */; };
		67243EF5264E52C600139AC6 /* CurrencyHelper.swift in Sources */ = {isa = PBXBuildFile; fileRef = 67243EF4264E52C600139AC6 /* CurrencyHelper.swift */; };
		67243EF6264E52C600139AC6 /* CurrencyHelper.swift in Sources */ = {isa = PBXBuildFile; fileRef = 67243EF4264E52C600139AC6 /* CurrencyHelper.swift */; };
		67243EF8264E75F900139AC6 /* HomeScreenCouponViewModel.swift in Sources */ = {isa = PBXBuildFile; fileRef = 67243EF7264E75F900139AC6 /* HomeScreenCouponViewModel.swift */; };
		67243EF9264E75F900139AC6 /* HomeScreenCouponViewModel.swift in Sources */ = {isa = PBXBuildFile; fileRef = 67243EF7264E75F900139AC6 /* HomeScreenCouponViewModel.swift */; };
		67243EFB264E764900139AC6 /* HomeScreenReceiptViewModel.swift in Sources */ = {isa = PBXBuildFile; fileRef = 67243EFA264E764900139AC6 /* HomeScreenReceiptViewModel.swift */; };
		67243EFC264E764900139AC6 /* HomeScreenReceiptViewModel.swift in Sources */ = {isa = PBXBuildFile; fileRef = 67243EFA264E764900139AC6 /* HomeScreenReceiptViewModel.swift */; };
		67243EFE264EEC2000139AC6 /* HomeScreenCouponSectionHeader.swift in Sources */ = {isa = PBXBuildFile; fileRef = 67243EFD264EEC2000139AC6 /* HomeScreenCouponSectionHeader.swift */; };
		67243EFF264EEC2000139AC6 /* HomeScreenCouponSectionHeader.swift in Sources */ = {isa = PBXBuildFile; fileRef = 67243EFD264EEC2000139AC6 /* HomeScreenCouponSectionHeader.swift */; };
		67243F01264EEC3900139AC6 /* HomeScreenReceiptSectionHeader.swift in Sources */ = {isa = PBXBuildFile; fileRef = 67243F00264EEC3900139AC6 /* HomeScreenReceiptSectionHeader.swift */; };
		67243F02264EEC3900139AC6 /* HomeScreenReceiptSectionHeader.swift in Sources */ = {isa = PBXBuildFile; fileRef = 67243F00264EEC3900139AC6 /* HomeScreenReceiptSectionHeader.swift */; };
		67243F04264EECDB00139AC6 /* HomeScreenCouponSectionHeader.xib in Resources */ = {isa = PBXBuildFile; fileRef = 67243F03264EECDB00139AC6 /* HomeScreenCouponSectionHeader.xib */; };
		67243F05264EECDB00139AC6 /* HomeScreenCouponSectionHeader.xib in Resources */ = {isa = PBXBuildFile; fileRef = 67243F03264EECDB00139AC6 /* HomeScreenCouponSectionHeader.xib */; };
		67243F07264EF30500139AC6 /* HomeScreenReceiptSectionHeader.xib in Resources */ = {isa = PBXBuildFile; fileRef = 67243F06264EF30500139AC6 /* HomeScreenReceiptSectionHeader.xib */; };
		67243F08264EF30500139AC6 /* HomeScreenReceiptSectionHeader.xib in Resources */ = {isa = PBXBuildFile; fileRef = 67243F06264EF30500139AC6 /* HomeScreenReceiptSectionHeader.xib */; };
		67243F0B264F2B3A00139AC6 /* Coupon.storyboard in Resources */ = {isa = PBXBuildFile; fileRef = 67243F0A264F2B3A00139AC6 /* Coupon.storyboard */; };
		67243F0C264F2B3B00139AC6 /* Coupon.storyboard in Resources */ = {isa = PBXBuildFile; fileRef = 67243F0A264F2B3A00139AC6 /* Coupon.storyboard */; };
		67243F0F264F2BCC00139AC6 /* CouponDetailScreenController.swift in Sources */ = {isa = PBXBuildFile; fileRef = 67243F0E264F2BCC00139AC6 /* CouponDetailScreenController.swift */; };
		67243F10264F2BCC00139AC6 /* CouponDetailScreenController.swift in Sources */ = {isa = PBXBuildFile; fileRef = 67243F0E264F2BCC00139AC6 /* CouponDetailScreenController.swift */; };
		67243F12264F2BD700139AC6 /* CouponDetailScreenViewModel.swift in Sources */ = {isa = PBXBuildFile; fileRef = 67243F11264F2BD700139AC6 /* CouponDetailScreenViewModel.swift */; };
		67243F13264F2BD700139AC6 /* CouponDetailScreenViewModel.swift in Sources */ = {isa = PBXBuildFile; fileRef = 67243F11264F2BD700139AC6 /* CouponDetailScreenViewModel.swift */; };
		67243F16264F31E300139AC6 /* CouponDetailScreenMainInfoCell.swift in Sources */ = {isa = PBXBuildFile; fileRef = 67243F15264F31E300139AC6 /* CouponDetailScreenMainInfoCell.swift */; };
		67243F17264F31E300139AC6 /* CouponDetailScreenMainInfoCell.swift in Sources */ = {isa = PBXBuildFile; fileRef = 67243F15264F31E300139AC6 /* CouponDetailScreenMainInfoCell.swift */; };
		67243F19264F320A00139AC6 /* CouponDetailScreenInstructionStepCell.swift in Sources */ = {isa = PBXBuildFile; fileRef = 67243F18264F320A00139AC6 /* CouponDetailScreenInstructionStepCell.swift */; };
		67243F1A264F320A00139AC6 /* CouponDetailScreenInstructionStepCell.swift in Sources */ = {isa = PBXBuildFile; fileRef = 67243F18264F320A00139AC6 /* CouponDetailScreenInstructionStepCell.swift */; };
		67243F1D264FBD6E00139AC6 /* CouponBarcodeScreenController.swift in Sources */ = {isa = PBXBuildFile; fileRef = 67243F1C264FBD6E00139AC6 /* CouponBarcodeScreenController.swift */; };
		67243F1E264FBD6E00139AC6 /* CouponBarcodeScreenController.swift in Sources */ = {isa = PBXBuildFile; fileRef = 67243F1C264FBD6E00139AC6 /* CouponBarcodeScreenController.swift */; };
		67243F242650066100139AC6 /* CameraAccessAlertController.swift in Sources */ = {isa = PBXBuildFile; fileRef = 67243F232650066100139AC6 /* CameraAccessAlertController.swift */; };
		67243F252650066100139AC6 /* CameraAccessAlertController.swift in Sources */ = {isa = PBXBuildFile; fileRef = 67243F232650066100139AC6 /* CameraAccessAlertController.swift */; };
		67243F2726500B5300139AC6 /* CameraAccessAlert.storyboard in Resources */ = {isa = PBXBuildFile; fileRef = 67243F2626500B5300139AC6 /* CameraAccessAlert.storyboard */; };
		67243F2826500B5300139AC6 /* CameraAccessAlert.storyboard in Resources */ = {isa = PBXBuildFile; fileRef = 67243F2626500B5300139AC6 /* CameraAccessAlert.storyboard */; };
		67243F2B26500CE200139AC6 /* QRCodeScanner.storyboard in Resources */ = {isa = PBXBuildFile; fileRef = 67243F2A26500CE200139AC6 /* QRCodeScanner.storyboard */; };
		67243F2C26500CE200139AC6 /* QRCodeScanner.storyboard in Resources */ = {isa = PBXBuildFile; fileRef = 67243F2A26500CE200139AC6 /* QRCodeScanner.storyboard */; };
		67243F2E265251CB00139AC6 /* QRCodeScannerController.swift in Sources */ = {isa = PBXBuildFile; fileRef = 67243F2D265251CB00139AC6 /* QRCodeScannerController.swift */; };
		67243F2F265251CC00139AC6 /* QRCodeScannerController.swift in Sources */ = {isa = PBXBuildFile; fileRef = 67243F2D265251CB00139AC6 /* QRCodeScannerController.swift */; };
		675634E5262E3AE4009C4CAE /* PhoneEnterScreenController.swift in Sources */ = {isa = PBXBuildFile; fileRef = 675634E4262E3AE4009C4CAE /* PhoneEnterScreenController.swift */; };
		675634E6262E3AE4009C4CAE /* PhoneEnterScreenController.swift in Sources */ = {isa = PBXBuildFile; fileRef = 675634E4262E3AE4009C4CAE /* PhoneEnterScreenController.swift */; };
		675634EA262E3B4B009C4CAE /* Box.swift in Sources */ = {isa = PBXBuildFile; fileRef = 675634E9262E3B4B009C4CAE /* Box.swift */; };
		675634EB262E3B4B009C4CAE /* Box.swift in Sources */ = {isa = PBXBuildFile; fileRef = 675634E9262E3B4B009C4CAE /* Box.swift */; };
		675634EF262E3B7C009C4CAE /* PhoneEnterScreenViewModel.swift in Sources */ = {isa = PBXBuildFile; fileRef = 675634EE262E3B7C009C4CAE /* PhoneEnterScreenViewModel.swift */; };
		675634F0262E3B7C009C4CAE /* PhoneEnterScreenViewModel.swift in Sources */ = {isa = PBXBuildFile; fileRef = 675634EE262E3B7C009C4CAE /* PhoneEnterScreenViewModel.swift */; };
		675634F6262E3BFE009C4CAE /* BaseViewModel.swift in Sources */ = {isa = PBXBuildFile; fileRef = 675634F4262E3BFE009C4CAE /* BaseViewModel.swift */; };
		675634F7262E3BFE009C4CAE /* BaseViewModel.swift in Sources */ = {isa = PBXBuildFile; fileRef = 675634F4262E3BFE009C4CAE /* BaseViewModel.swift */; };
		675634F8262E3BFE009C4CAE /* BaseViewController.swift in Sources */ = {isa = PBXBuildFile; fileRef = 675634F5262E3BFE009C4CAE /* BaseViewController.swift */; };
		675634F9262E3BFE009C4CAE /* BaseViewController.swift in Sources */ = {isa = PBXBuildFile; fileRef = 675634F5262E3BFE009C4CAE /* BaseViewController.swift */; };
		679012992652565900C4A4D5 /* QRCodeScannerViewModel.swift in Sources */ = {isa = PBXBuildFile; fileRef = 679012982652565900C4A4D5 /* QRCodeScannerViewModel.swift */; };
		6790129A2652565900C4A4D5 /* QRCodeScannerViewModel.swift in Sources */ = {isa = PBXBuildFile; fileRef = 679012982652565900C4A4D5 /* QRCodeScannerViewModel.swift */; };
		6790129C265289D400C4A4D5 /* CameraAccessChecker.swift in Sources */ = {isa = PBXBuildFile; fileRef = 6790129B265289D400C4A4D5 /* CameraAccessChecker.swift */; };
		6790129D265289D400C4A4D5 /* CameraAccessChecker.swift in Sources */ = {isa = PBXBuildFile; fileRef = 6790129B265289D400C4A4D5 /* CameraAccessChecker.swift */; };
		67B60941264AB6A100C50130 /* UITableViewCell.swift in Sources */ = {isa = PBXBuildFile; fileRef = 67B60940264AB6A100C50130 /* UITableViewCell.swift */; };
		67B60942264AB6A100C50130 /* UITableViewCell.swift in Sources */ = {isa = PBXBuildFile; fileRef = 67B60940264AB6A100C50130 /* UITableViewCell.swift */; };
		67B60944264C26B600C50130 /* Colors.xcassets in Resources */ = {isa = PBXBuildFile; fileRef = 67B60943264C26B600C50130 /* Colors.xcassets */; };
		67B60946264C26C400C50130 /* Colors.xcassets in Resources */ = {isa = PBXBuildFile; fileRef = 67B60945264C26C400C50130 /* Colors.xcassets */; };
		67C045E726458F02006D1829 /* HomeEmptyScreenViewModel.swift in Sources */ = {isa = PBXBuildFile; fileRef = 67C045E626458F02006D1829 /* HomeEmptyScreenViewModel.swift */; };
		67C045E826458F02006D1829 /* HomeEmptyScreenViewModel.swift in Sources */ = {isa = PBXBuildFile; fileRef = 67C045E626458F02006D1829 /* HomeEmptyScreenViewModel.swift */; };
		67DBB4002644230A00BBCEB4 /* HomeEmptyScreenPromotionItemCell.swift in Sources */ = {isa = PBXBuildFile; fileRef = 67DBB3FF2644230A00BBCEB4 /* HomeEmptyScreenPromotionItemCell.swift */; };
		67DBB4012644230A00BBCEB4 /* HomeEmptyScreenPromotionItemCell.swift in Sources */ = {isa = PBXBuildFile; fileRef = 67DBB3FF2644230A00BBCEB4 /* HomeEmptyScreenPromotionItemCell.swift */; };
		67DBB4032644327F00BBCEB4 /* HomeEmptyScreenInstructionHeaderCell.swift in Sources */ = {isa = PBXBuildFile; fileRef = 67DBB4022644327F00BBCEB4 /* HomeEmptyScreenInstructionHeaderCell.swift */; };
		67DBB4042644327F00BBCEB4 /* HomeEmptyScreenInstructionHeaderCell.swift in Sources */ = {isa = PBXBuildFile; fileRef = 67DBB4022644327F00BBCEB4 /* HomeEmptyScreenInstructionHeaderCell.swift */; };
		67DBB406264432A300BBCEB4 /* HomeEmptyScreenInstructionStepCell.swift in Sources */ = {isa = PBXBuildFile; fileRef = 67DBB405264432A300BBCEB4 /* HomeEmptyScreenInstructionStepCell.swift */; };
		67DBB407264432A300BBCEB4 /* HomeEmptyScreenInstructionStepCell.swift in Sources */ = {isa = PBXBuildFile; fileRef = 67DBB405264432A300BBCEB4 /* HomeEmptyScreenInstructionStepCell.swift */; };
		67E9D7722629B3EA005A3C66 /* Assets.xcassets in Resources */ = {isa = PBXBuildFile; fileRef = 67E9D7712629B3EA005A3C66 /* Assets.xcassets */; };
		67E9D7762629B3F9005A3C66 /* Assets.xcassets in Resources */ = {isa = PBXBuildFile; fileRef = 67E9D7752629B3F9005A3C66 /* Assets.xcassets */; };
		67E9D77F2629B7CC005A3C66 /* LaunchScreen.storyboard in Resources */ = {isa = PBXBuildFile; fileRef = 67E9D77D2629B7CC005A3C66 /* LaunchScreen.storyboard */; };
		67E9D7862629B8BE005A3C66 /* Root.storyboard in Resources */ = {isa = PBXBuildFile; fileRef = 67E9D7852629B8BE005A3C66 /* Root.storyboard */; };
		67E9D7872629B8BE005A3C66 /* Root.storyboard in Resources */ = {isa = PBXBuildFile; fileRef = 67E9D7852629B8BE005A3C66 /* Root.storyboard */; };
		67E9D78B2629B8E1005A3C66 /* RootController.swift in Sources */ = {isa = PBXBuildFile; fileRef = 67E9D78A2629B8E1005A3C66 /* RootController.swift */; };
		67E9D78C2629B8E1005A3C66 /* RootController.swift in Sources */ = {isa = PBXBuildFile; fileRef = 67E9D78A2629B8E1005A3C66 /* RootController.swift */; };
		67E9D7932629BA05005A3C66 /* Auth.storyboard in Resources */ = {isa = PBXBuildFile; fileRef = 6710935126280B3D00A8B554 /* Auth.storyboard */; };
		67F14B342631939000FF36E3 /* APIConnector.swift in Sources */ = {isa = PBXBuildFile; fileRef = 67F14B332631939000FF36E3 /* APIConnector.swift */; };
		67F14B3A2631941C00FF36E3 /* BaseDataManager.swift in Sources */ = {isa = PBXBuildFile; fileRef = 67F14B392631941C00FF36E3 /* BaseDataManager.swift */; };
		67F14B3B2631941C00FF36E3 /* BaseDataManager.swift in Sources */ = {isa = PBXBuildFile; fileRef = 67F14B392631941C00FF36E3 /* BaseDataManager.swift */; };
		67F14B412631943900FF36E3 /* AccountManager.swift in Sources */ = {isa = PBXBuildFile; fileRef = 67F14B402631943900FF36E3 /* AccountManager.swift */; };
		67F14B422631943900FF36E3 /* AccountManager.swift in Sources */ = {isa = PBXBuildFile; fileRef = 67F14B402631943900FF36E3 /* AccountManager.swift */; };
		67F14B45263195F500FF36E3 /* APIConnector.swift in Sources */ = {isa = PBXBuildFile; fileRef = 67F14B332631939000FF36E3 /* APIConnector.swift */; };
		67F14B572632DFCB00FF36E3 /* AuthCodeEnterScreenController.swift in Sources */ = {isa = PBXBuildFile; fileRef = 67F14B562632DFCB00FF36E3 /* AuthCodeEnterScreenController.swift */; };
		67F14B582632DFCB00FF36E3 /* AuthCodeEnterScreenController.swift in Sources */ = {isa = PBXBuildFile; fileRef = 67F14B562632DFCB00FF36E3 /* AuthCodeEnterScreenController.swift */; };
		67F14B5C2632DFF000FF36E3 /* AuthCodeEnterScreenViewModel.swift in Sources */ = {isa = PBXBuildFile; fileRef = 67F14B5B2632DFF000FF36E3 /* AuthCodeEnterScreenViewModel.swift */; };
		67F14B5D2632DFF000FF36E3 /* AuthCodeEnterScreenViewModel.swift in Sources */ = {isa = PBXBuildFile; fileRef = 67F14B5B2632DFF000FF36E3 /* AuthCodeEnterScreenViewModel.swift */; };
		67FE38292625594900750368 /* AppDelegate.swift in Sources */ = {isa = PBXBuildFile; fileRef = 67FE38282625594900750368 /* AppDelegate.swift */; };
		67FE382B2625594900750368 /* SceneDelegate.swift in Sources */ = {isa = PBXBuildFile; fileRef = 67FE382A2625594900750368 /* SceneDelegate.swift */; };
		67FE38322625594A00750368 /* CommonAssets.xcassets in Resources */ = {isa = PBXBuildFile; fileRef = 67FE38312625594A00750368 /* CommonAssets.xcassets */; };
		67FE38352625594A00750368 /* LaunchScreen.storyboard in Resources */ = {isa = PBXBuildFile; fileRef = 67FE38332625594A00750368 /* LaunchScreen.storyboard */; };
		67FE38402625596900750368 /* AppDelegate.swift in Sources */ = {isa = PBXBuildFile; fileRef = 67FE38282625594900750368 /* AppDelegate.swift */; };
		67FE38412625596900750368 /* SceneDelegate.swift in Sources */ = {isa = PBXBuildFile; fileRef = 67FE382A2625594900750368 /* SceneDelegate.swift */; };
		67FE38452625596900750368 /* CommonAssets.xcassets in Resources */ = {isa = PBXBuildFile; fileRef = 67FE38312625594A00750368 /* CommonAssets.xcassets */; };
		D69E24278CB6B140CB735B7D /* libPods-Generic.a in Frameworks */ = {isa = PBXBuildFile; fileRef = 7F66A24379860CA50F1C05B8 /* libPods-Generic.a */; };
/* End PBXBuildFile section */

/* Begin PBXFileReference section */
		06F224D9856B0B07FC2B1FB6 /* Pods-ZBoom.debug.xcconfig */ = {isa = PBXFileReference; includeInIndex = 1; lastKnownFileType = text.xcconfig; name = "Pods-ZBoom.debug.xcconfig"; path = "Target Support Files/Pods-ZBoom/Pods-ZBoom.debug.xcconfig"; sourceTree = "<group>"; };
		08124B61EC61FF6D4CF9ED8D /* Pods-ZBoom.release.xcconfig */ = {isa = PBXFileReference; includeInIndex = 1; lastKnownFileType = text.xcconfig; name = "Pods-ZBoom.release.xcconfig"; path = "Target Support Files/Pods-ZBoom/Pods-ZBoom.release.xcconfig"; sourceTree = "<group>"; };
		1B19222CA81983FA0DD33C2E /* Pods-Generic.debug.xcconfig */ = {isa = PBXFileReference; includeInIndex = 1; lastKnownFileType = text.xcconfig; name = "Pods-Generic.debug.xcconfig"; path = "Target Support Files/Pods-Generic/Pods-Generic.debug.xcconfig"; sourceTree = "<group>"; };
		57680E1C2385A4C3DD9D205D /* Pods-S-Boom.debug.xcconfig */ = {isa = PBXFileReference; includeInIndex = 1; lastKnownFileType = text.xcconfig; name = "Pods-S-Boom.debug.xcconfig"; path = "Target Support Files/Pods-S-Boom/Pods-S-Boom.debug.xcconfig"; sourceTree = "<group>"; };
		6706BBDF2638A85100CE4328 /* NameEnterScreenController.swift */ = {isa = PBXFileReference; lastKnownFileType = sourcecode.swift; path = NameEnterScreenController.swift; sourceTree = "<group>"; };
		6706BBE32638A87D00CE4328 /* NameEnterScreenViewModel.swift */ = {isa = PBXFileReference; lastKnownFileType = sourcecode.swift; path = NameEnterScreenViewModel.swift; sourceTree = "<group>"; };
		6706BBE62639339700CE4328 /* EmailEnterScreenController.swift */ = {isa = PBXFileReference; lastKnownFileType = sourcecode.swift; path = EmailEnterScreenController.swift; sourceTree = "<group>"; };
		6706BBE9263933A400CE4328 /* EmailEnterScreenViewModel.swift */ = {isa = PBXFileReference; lastKnownFileType = sourcecode.swift; path = EmailEnterScreenViewModel.swift; sourceTree = "<group>"; };
		6706BBED26393DFB00CE4328 /* Home.storyboard */ = {isa = PBXFileReference; lastKnownFileType = file.storyboard; path = Home.storyboard; sourceTree = "<group>"; };
		6706BBF02639425500CE4328 /* ProfileManager.swift */ = {isa = PBXFileReference; lastKnownFileType = sourcecode.swift; path = ProfileManager.swift; sourceTree = "<group>"; };
		6706BBF3263C1AC300CE4328 /* HomeEmptyScreenController.swift */ = {isa = PBXFileReference; lastKnownFileType = sourcecode.swift; path = HomeEmptyScreenController.swift; sourceTree = "<group>"; };
		6706BBF8263C1AE800CE4328 /* HomeScreenController.swift */ = {isa = PBXFileReference; lastKnownFileType = sourcecode.swift; path = HomeScreenController.swift; sourceTree = "<group>"; };
		6706BBFC263C1B3E00CE4328 /* HomeInitialScreenController.swift */ = {isa = PBXFileReference; lastKnownFileType = sourcecode.swift; path = HomeInitialScreenController.swift; sourceTree = "<group>"; };
		6706BC00263C464600CE4328 /* HomeInitialScreenViewModel.swift */ = {isa = PBXFileReference; lastKnownFileType = sourcecode.swift; path = HomeInitialScreenViewModel.swift; sourceTree = "<group>"; };
		6710935126280B3D00A8B554 /* Auth.storyboard */ = {isa = PBXFileReference; lastKnownFileType = file.storyboard; path = Auth.storyboard; sourceTree = "<group>"; };
		6710935E26280E2000A8B554 /* Colors.xcassets */ = {isa = PBXFileReference; lastKnownFileType = folder.assetcatalog; path = Colors.xcassets; sourceTree = "<group>"; };
		67109376262883CF00A8B554 /* Rubik-Bold.ttf */ = {isa = PBXFileReference; lastKnownFileType = file; path = "Rubik-Bold.ttf"; sourceTree = "<group>"; };
		67109377262883CF00A8B554 /* Rubik-Medium.ttf */ = {isa = PBXFileReference; lastKnownFileType = file; path = "Rubik-Medium.ttf"; sourceTree = "<group>"; };
		67109378262883CF00A8B554 /* Rubik-Regular.ttf */ = {isa = PBXFileReference; lastKnownFileType = file; path = "Rubik-Regular.ttf"; sourceTree = "<group>"; };
		67243ECF264C2C7300139AC6 /* HomeManager.swift */ = {isa = PBXFileReference; lastKnownFileType = sourcecode.swift; path = HomeManager.swift; sourceTree = "<group>"; };
		67243ED2264D116500139AC6 /* BaseDataModel.swift */ = {isa = PBXFileReference; lastKnownFileType = sourcecode.swift; path = BaseDataModel.swift; sourceTree = "<group>"; };
		67243ED5264D123700139AC6 /* PromotionModel.swift */ = {isa = PBXFileReference; lastKnownFileType = sourcecode.swift; path = PromotionModel.swift; sourceTree = "<group>"; };
		67243ED8264D65B100139AC6 /* CouponProgressModel.swift */ = {isa = PBXFileReference; lastKnownFileType = sourcecode.swift; path = CouponProgressModel.swift; sourceTree = "<group>"; };
		67243EDB264D680900139AC6 /* ReceiptModel.swift */ = {isa = PBXFileReference; lastKnownFileType = sourcecode.swift; path = ReceiptModel.swift; sourceTree = "<group>"; };
		67243EDE264D681300139AC6 /* CouponModel.swift */ = {isa = PBXFileReference; lastKnownFileType = sourcecode.swift; path = CouponModel.swift; sourceTree = "<group>"; };
		67243EE1264D697B00139AC6 /* PhotoModel.swift */ = {isa = PBXFileReference; lastKnownFileType = sourcecode.swift; path = PhotoModel.swift; sourceTree = "<group>"; };
		67243EE4264DEC2B00139AC6 /* HomeScreenViewModel.swift */ = {isa = PBXFileReference; lastKnownFileType = sourcecode.swift; path = HomeScreenViewModel.swift; sourceTree = "<group>"; };
		67243EE7264DFE1200139AC6 /* DateHelper.swift */ = {isa = PBXFileReference; lastKnownFileType = sourcecode.swift; path = DateHelper.swift; sourceTree = "<group>"; };
		67243EEB264E4F3700139AC6 /* HomeScreenCouponProgressCell.swift */ = {isa = PBXFileReference; lastKnownFileType = sourcecode.swift; path = HomeScreenCouponProgressCell.swift; sourceTree = "<group>"; };
		67243EEE264E4F4200139AC6 /* HomeScreenCouponCell.swift */ = {isa = PBXFileReference; lastKnownFileType = sourcecode.swift; path = HomeScreenCouponCell.swift; sourceTree = "<group>"; };
		67243EF1264E4F4C00139AC6 /* HomeScreenReceiptCell.swift */ = {isa = PBXFileReference; lastKnownFileType = sourcecode.swift; path = HomeScreenReceiptCell.swift; sourceTree = "<group>"; };
		67243EF4264E52C600139AC6 /* CurrencyHelper.swift */ = {isa = PBXFileReference; lastKnownFileType = sourcecode.swift; path = CurrencyHelper.swift; sourceTree = "<group>"; };
		67243EF7264E75F900139AC6 /* HomeScreenCouponViewModel.swift */ = {isa = PBXFileReference; lastKnownFileType = sourcecode.swift; path = HomeScreenCouponViewModel.swift; sourceTree = "<group>"; };
		67243EFA264E764900139AC6 /* HomeScreenReceiptViewModel.swift */ = {isa = PBXFileReference; lastKnownFileType = sourcecode.swift; path = HomeScreenReceiptViewModel.swift; sourceTree = "<group>"; };
		67243EFD264EEC2000139AC6 /* HomeScreenCouponSectionHeader.swift */ = {isa = PBXFileReference; lastKnownFileType = sourcecode.swift; path = HomeScreenCouponSectionHeader.swift; sourceTree = "<group>"; };
		67243F00264EEC3900139AC6 /* HomeScreenReceiptSectionHeader.swift */ = {isa = PBXFileReference; lastKnownFileType = sourcecode.swift; path = HomeScreenReceiptSectionHeader.swift; sourceTree = "<group>"; };
		67243F03264EECDB00139AC6 /* HomeScreenCouponSectionHeader.xib */ = {isa = PBXFileReference; lastKnownFileType = file.xib; path = HomeScreenCouponSectionHeader.xib; sourceTree = "<group>"; };
		67243F06264EF30500139AC6 /* HomeScreenReceiptSectionHeader.xib */ = {isa = PBXFileReference; lastKnownFileType = file.xib; path = HomeScreenReceiptSectionHeader.xib; sourceTree = "<group>"; };
		67243F0A264F2B3A00139AC6 /* Coupon.storyboard */ = {isa = PBXFileReference; lastKnownFileType = file.storyboard; path = Coupon.storyboard; sourceTree = "<group>"; };
		67243F0E264F2BCC00139AC6 /* CouponDetailScreenController.swift */ = {isa = PBXFileReference; lastKnownFileType = sourcecode.swift; path = CouponDetailScreenController.swift; sourceTree = "<group>"; };
		67243F11264F2BD700139AC6 /* CouponDetailScreenViewModel.swift */ = {isa = PBXFileReference; lastKnownFileType = sourcecode.swift; path = CouponDetailScreenViewModel.swift; sourceTree = "<group>"; };
		67243F15264F31E300139AC6 /* CouponDetailScreenMainInfoCell.swift */ = {isa = PBXFileReference; lastKnownFileType = sourcecode.swift; path = CouponDetailScreenMainInfoCell.swift; sourceTree = "<group>"; };
		67243F18264F320A00139AC6 /* CouponDetailScreenInstructionStepCell.swift */ = {isa = PBXFileReference; lastKnownFileType = sourcecode.swift; path = CouponDetailScreenInstructionStepCell.swift; sourceTree = "<group>"; };
		67243F1C264FBD6E00139AC6 /* CouponBarcodeScreenController.swift */ = {isa = PBXFileReference; lastKnownFileType = sourcecode.swift; path = CouponBarcodeScreenController.swift; sourceTree = "<group>"; };
		67243F232650066100139AC6 /* CameraAccessAlertController.swift */ = {isa = PBXFileReference; lastKnownFileType = sourcecode.swift; path = CameraAccessAlertController.swift; sourceTree = "<group>"; };
		67243F2626500B5300139AC6 /* CameraAccessAlert.storyboard */ = {isa = PBXFileReference; lastKnownFileType = file.storyboard; path = CameraAccessAlert.storyboard; sourceTree = "<group>"; };
		67243F2A26500CE200139AC6 /* QRCodeScanner.storyboard */ = {isa = PBXFileReference; lastKnownFileType = file.storyboard; path = QRCodeScanner.storyboard; sourceTree = "<group>"; };
		67243F2D265251CB00139AC6 /* QRCodeScannerController.swift */ = {isa = PBXFileReference; lastKnownFileType = sourcecode.swift; path = QRCodeScannerController.swift; sourceTree = "<group>"; };
		675634E4262E3AE4009C4CAE /* PhoneEnterScreenController.swift */ = {isa = PBXFileReference; lastKnownFileType = sourcecode.swift; path = PhoneEnterScreenController.swift; sourceTree = "<group>"; };
		675634E9262E3B4B009C4CAE /* Box.swift */ = {isa = PBXFileReference; fileEncoding = 4; lastKnownFileType = sourcecode.swift; path = Box.swift; sourceTree = "<group>"; };
		675634EE262E3B7C009C4CAE /* PhoneEnterScreenViewModel.swift */ = {isa = PBXFileReference; lastKnownFileType = sourcecode.swift; path = PhoneEnterScreenViewModel.swift; sourceTree = "<group>"; };
		675634F4262E3BFE009C4CAE /* BaseViewModel.swift */ = {isa = PBXFileReference; fileEncoding = 4; lastKnownFileType = sourcecode.swift; path = BaseViewModel.swift; sourceTree = "<group>"; };
		675634F5262E3BFE009C4CAE /* BaseViewController.swift */ = {isa = PBXFileReference; fileEncoding = 4; lastKnownFileType = sourcecode.swift; path = BaseViewController.swift; sourceTree = "<group>"; };
		679012982652565900C4A4D5 /* QRCodeScannerViewModel.swift */ = {isa = PBXFileReference; lastKnownFileType = sourcecode.swift; path = QRCodeScannerViewModel.swift; sourceTree = "<group>"; };
		6790129B265289D400C4A4D5 /* CameraAccessChecker.swift */ = {isa = PBXFileReference; lastKnownFileType = sourcecode.swift; path = CameraAccessChecker.swift; sourceTree = "<group>"; };
		679541A626255D3E00C04495 /* Info.plist */ = {isa = PBXFileReference; lastKnownFileType = text.plist.xml; path = Info.plist; sourceTree = "<group>"; };
		67B60940264AB6A100C50130 /* UITableViewCell.swift */ = {isa = PBXFileReference; fileEncoding = 4; lastKnownFileType = sourcecode.swift; path = UITableViewCell.swift; sourceTree = "<group>"; };
		67B60943264C26B600C50130 /* Colors.xcassets */ = {isa = PBXFileReference; lastKnownFileType = folder.assetcatalog; path = Colors.xcassets; sourceTree = "<group>"; };
		67B60945264C26C400C50130 /* Colors.xcassets */ = {isa = PBXFileReference; lastKnownFileType = folder.assetcatalog; path = Colors.xcassets; sourceTree = "<group>"; };
		67C045E626458F02006D1829 /* HomeEmptyScreenViewModel.swift */ = {isa = PBXFileReference; lastKnownFileType = sourcecode.swift; path = HomeEmptyScreenViewModel.swift; sourceTree = "<group>"; };
		67DBB3FF2644230A00BBCEB4 /* HomeEmptyScreenPromotionItemCell.swift */ = {isa = PBXFileReference; lastKnownFileType = sourcecode.swift; path = HomeEmptyScreenPromotionItemCell.swift; sourceTree = "<group>"; };
		67DBB4022644327F00BBCEB4 /* HomeEmptyScreenInstructionHeaderCell.swift */ = {isa = PBXFileReference; lastKnownFileType = sourcecode.swift; path = HomeEmptyScreenInstructionHeaderCell.swift; sourceTree = "<group>"; };
		67DBB405264432A300BBCEB4 /* HomeEmptyScreenInstructionStepCell.swift */ = {isa = PBXFileReference; lastKnownFileType = sourcecode.swift; path = HomeEmptyScreenInstructionStepCell.swift; sourceTree = "<group>"; };
		67E9D7712629B3EA005A3C66 /* Assets.xcassets */ = {isa = PBXFileReference; lastKnownFileType = folder.assetcatalog; path = Assets.xcassets; sourceTree = "<group>"; };
		67E9D7752629B3F9005A3C66 /* Assets.xcassets */ = {isa = PBXFileReference; lastKnownFileType = folder.assetcatalog; path = Assets.xcassets; sourceTree = "<group>"; };
		67E9D77E2629B7CC005A3C66 /* Base */ = {isa = PBXFileReference; lastKnownFileType = file.storyboard; name = Base; path = Base.lproj/LaunchScreen.storyboard; sourceTree = "<group>"; };
		67E9D7852629B8BE005A3C66 /* Root.storyboard */ = {isa = PBXFileReference; lastKnownFileType = file.storyboard; path = Root.storyboard; sourceTree = "<group>"; };
		67E9D78A2629B8E1005A3C66 /* RootController.swift */ = {isa = PBXFileReference; lastKnownFileType = sourcecode.swift; path = RootController.swift; sourceTree = "<group>"; };
		67F14B332631939000FF36E3 /* APIConnector.swift */ = {isa = PBXFileReference; fileEncoding = 4; lastKnownFileType = sourcecode.swift; path = APIConnector.swift; sourceTree = "<group>"; };
		67F14B392631941C00FF36E3 /* BaseDataManager.swift */ = {isa = PBXFileReference; lastKnownFileType = sourcecode.swift; path = BaseDataManager.swift; sourceTree = "<group>"; };
		67F14B402631943900FF36E3 /* AccountManager.swift */ = {isa = PBXFileReference; lastKnownFileType = sourcecode.swift; path = AccountManager.swift; sourceTree = "<group>"; };
		67F14B562632DFCB00FF36E3 /* AuthCodeEnterScreenController.swift */ = {isa = PBXFileReference; lastKnownFileType = sourcecode.swift; path = AuthCodeEnterScreenController.swift; sourceTree = "<group>"; };
		67F14B5B2632DFF000FF36E3 /* AuthCodeEnterScreenViewModel.swift */ = {isa = PBXFileReference; lastKnownFileType = sourcecode.swift; path = AuthCodeEnterScreenViewModel.swift; sourceTree = "<group>"; };
		67FE38252625594900750368 /* Generic.app */ = {isa = PBXFileReference; explicitFileType = wrapper.application; includeInIndex = 0; path = Generic.app; sourceTree = BUILT_PRODUCTS_DIR; };
		67FE38282625594900750368 /* AppDelegate.swift */ = {isa = PBXFileReference; lastKnownFileType = sourcecode.swift; path = AppDelegate.swift; sourceTree = "<group>"; };
		67FE382A2625594900750368 /* SceneDelegate.swift */ = {isa = PBXFileReference; lastKnownFileType = sourcecode.swift; path = SceneDelegate.swift; sourceTree = "<group>"; };
		67FE38312625594A00750368 /* CommonAssets.xcassets */ = {isa = PBXFileReference; lastKnownFileType = folder.assetcatalog; path = CommonAssets.xcassets; sourceTree = "<group>"; };
		67FE38342625594A00750368 /* Base */ = {isa = PBXFileReference; lastKnownFileType = file.storyboard; name = Base; path = Base.lproj/LaunchScreen.storyboard; sourceTree = "<group>"; };
		67FE38362625594A00750368 /* Info.plist */ = {isa = PBXFileReference; lastKnownFileType = text.plist.xml; path = Info.plist; sourceTree = "<group>"; };
		67FE384A2625596900750368 /* S-Boom.app */ = {isa = PBXFileReference; explicitFileType = wrapper.application; includeInIndex = 0; path = "S-Boom.app"; sourceTree = BUILT_PRODUCTS_DIR; };
		7F66A24379860CA50F1C05B8 /* libPods-Generic.a */ = {isa = PBXFileReference; explicitFileType = archive.ar; includeInIndex = 0; path = "libPods-Generic.a"; sourceTree = BUILT_PRODUCTS_DIR; };
		928DEFFD579EA9EDA82B2FC8 /* Pods-Generic.release.xcconfig */ = {isa = PBXFileReference; includeInIndex = 1; lastKnownFileType = text.xcconfig; name = "Pods-Generic.release.xcconfig"; path = "Target Support Files/Pods-Generic/Pods-Generic.release.xcconfig"; sourceTree = "<group>"; };
		CB203EFDAE85A431B4D8A8E9 /* libPods-S-Boom.a */ = {isa = PBXFileReference; explicitFileType = archive.ar; includeInIndex = 0; path = "libPods-S-Boom.a"; sourceTree = BUILT_PRODUCTS_DIR; };
		E92FD94D2CA3A34E0DA4017F /* Pods-S-Boom.release.xcconfig */ = {isa = PBXFileReference; includeInIndex = 1; lastKnownFileType = text.xcconfig; name = "Pods-S-Boom.release.xcconfig"; path = "Target Support Files/Pods-S-Boom/Pods-S-Boom.release.xcconfig"; sourceTree = "<group>"; };
/* End PBXFileReference section */

/* Begin PBXFrameworksBuildPhase section */
		67FE38222625594900750368 /* Frameworks */ = {
			isa = PBXFrameworksBuildPhase;
			buildActionMask = 2147483647;
			files = (
				D69E24278CB6B140CB735B7D /* libPods-Generic.a in Frameworks */,
			);
			runOnlyForDeploymentPostprocessing = 0;
		};
		67FE38422625596900750368 /* Frameworks */ = {
			isa = PBXFrameworksBuildPhase;
			buildActionMask = 2147483647;
			files = (
				251509BB704997A949493AE8 /* libPods-S-Boom.a in Frameworks */,
			);
			runOnlyForDeploymentPostprocessing = 0;
		};
/* End PBXFrameworksBuildPhase section */

/* Begin PBXGroup section */
		0D8064AC1F0769C8D693DB00 /* Pods */ = {
			isa = PBXGroup;
			children = (
				1B19222CA81983FA0DD33C2E /* Pods-Generic.debug.xcconfig */,
				928DEFFD579EA9EDA82B2FC8 /* Pods-Generic.release.xcconfig */,
				06F224D9856B0B07FC2B1FB6 /* Pods-ZBoom.debug.xcconfig */,
				08124B61EC61FF6D4CF9ED8D /* Pods-ZBoom.release.xcconfig */,
				57680E1C2385A4C3DD9D205D /* Pods-S-Boom.debug.xcconfig */,
				E92FD94D2CA3A34E0DA4017F /* Pods-S-Boom.release.xcconfig */,
			);
			path = Pods;
			sourceTree = "<group>";
		};
		333D1BE2F1F6707044C2E881 /* Frameworks */ = {
			isa = PBXGroup;
			children = (
				7F66A24379860CA50F1C05B8 /* libPods-Generic.a */,
				CB203EFDAE85A431B4D8A8E9 /* libPods-S-Boom.a */,
			);
			name = Frameworks;
			sourceTree = "<group>";
		};
		6706BBDD2638A81E00CE4328 /* Name enter screen */ = {
			isa = PBXGroup;
			children = (
				6706BBE32638A87D00CE4328 /* NameEnterScreenViewModel.swift */,
				6706BBDF2638A85100CE4328 /* NameEnterScreenController.swift */,
			);
			path = "Name enter screen";
			sourceTree = "<group>";
		};
		6706BBDE2638A82600CE4328 /* Email enter screen */ = {
			isa = PBXGroup;
			children = (
				6706BBE9263933A400CE4328 /* EmailEnterScreenViewModel.swift */,
				6706BBE62639339700CE4328 /* EmailEnterScreenController.swift */,
			);
			path = "Email enter screen";
			sourceTree = "<group>";
		};
		6706BBEC26393DE400CE4328 /* Home */ = {
			isa = PBXGroup;
			children = (
				6706BBED26393DFB00CE4328 /* Home.storyboard */,
				6706BBFB263C1B2800CE4328 /* Home initial screen */,
				6706BBF6263C1AC700CE4328 /* Home empty screen */,
				6706BBF7263C1AD500CE4328 /* Home screen */,
			);
			path = Home;
			sourceTree = "<group>";
		};
		6706BBF6263C1AC700CE4328 /* Home empty screen */ = {
			isa = PBXGroup;
			children = (
				67C045E626458F02006D1829 /* HomeEmptyScreenViewModel.swift */,
				6706BBF3263C1AC300CE4328 /* HomeEmptyScreenController.swift */,
				67DBB3FC264422DC00BBCEB4 /* Cells */,
			);
			path = "Home empty screen";
			sourceTree = "<group>";
		};
		6706BBF7263C1AD500CE4328 /* Home screen */ = {
			isa = PBXGroup;
			children = (
				67243EE4264DEC2B00139AC6 /* HomeScreenViewModel.swift */,
				6706BBF8263C1AE800CE4328 /* HomeScreenController.swift */,
				67243EEA264E4F0F00139AC6 /* Cells */,
			);
			path = "Home screen";
			sourceTree = "<group>";
		};
		6706BBFB263C1B2800CE4328 /* Home initial screen */ = {
			isa = PBXGroup;
			children = (
				6706BC00263C464600CE4328 /* HomeInitialScreenViewModel.swift */,
				6706BBFC263C1B3E00CE4328 /* HomeInitialScreenController.swift */,
			);
			path = "Home initial screen";
			sourceTree = "<group>";
		};
		6710935026280A1500A8B554 /* Auth */ = {
			isa = PBXGroup;
			children = (
				6710935126280B3D00A8B554 /* Auth.storyboard */,
				675634E2262E39A5009C4CAE /* Phone enter screen */,
				675634E3262E39AF009C4CAE /* Auth code enter screen */,
				6706BBDD2638A81E00CE4328 /* Name enter screen */,
				6706BBDE2638A82600CE4328 /* Email enter screen */,
			);
			path = Auth;
			sourceTree = "<group>";
		};
		6710936526287E1500A8B554 /* Assets */ = {
			isa = PBXGroup;
			children = (
				6710936626287E2300A8B554 /* Rubik font */,
				6710935E26280E2000A8B554 /* Colors.xcassets */,
				67FE38312625594A00750368 /* CommonAssets.xcassets */,
			);
			path = Assets;
			sourceTree = "<group>";
		};
		6710936626287E2300A8B554 /* Rubik font */ = {
			isa = PBXGroup;
			children = (
				67109376262883CF00A8B554 /* Rubik-Bold.ttf */,
				67109377262883CF00A8B554 /* Rubik-Medium.ttf */,
				67109378262883CF00A8B554 /* Rubik-Regular.ttf */,
			);
			path = "Rubik font";
			sourceTree = "<group>";
		};
		67243EEA264E4F0F00139AC6 /* Cells */ = {
			isa = PBXGroup;
			children = (
				67243EEB264E4F3700139AC6 /* HomeScreenCouponProgressCell.swift */,
				67243EFD264EEC2000139AC6 /* HomeScreenCouponSectionHeader.swift */,
				67243F03264EECDB00139AC6 /* HomeScreenCouponSectionHeader.xib */,
				67243EEE264E4F4200139AC6 /* HomeScreenCouponCell.swift */,
				67243EF7264E75F900139AC6 /* HomeScreenCouponViewModel.swift */,
				67243F00264EEC3900139AC6 /* HomeScreenReceiptSectionHeader.swift */,
				67243F06264EF30500139AC6 /* HomeScreenReceiptSectionHeader.xib */,
				67243EF1264E4F4C00139AC6 /* HomeScreenReceiptCell.swift */,
				67243EFA264E764900139AC6 /* HomeScreenReceiptViewModel.swift */,
			);
			path = Cells;
			sourceTree = "<group>";
		};
		67243F09264F2B1A00139AC6 /* Coupon */ = {
			isa = PBXGroup;
			children = (
				67243F0A264F2B3A00139AC6 /* Coupon.storyboard */,
				67243F0D264F2BB200139AC6 /* Coupon detail screen */,
				67243F1B264FBD4C00139AC6 /* Coupon barcode screen */,
			);
			path = Coupon;
			sourceTree = "<group>";
		};
		67243F0D264F2BB200139AC6 /* Coupon detail screen */ = {
			isa = PBXGroup;
			children = (
				67243F11264F2BD700139AC6 /* CouponDetailScreenViewModel.swift */,
				67243F0E264F2BCC00139AC6 /* CouponDetailScreenController.swift */,
				67243F14264F31C700139AC6 /* Cells */,
			);
			path = "Coupon detail screen";
			sourceTree = "<group>";
		};
		67243F14264F31C700139AC6 /* Cells */ = {
			isa = PBXGroup;
			children = (
				67243F15264F31E300139AC6 /* CouponDetailScreenMainInfoCell.swift */,
				67243F18264F320A00139AC6 /* CouponDetailScreenInstructionStepCell.swift */,
			);
			path = Cells;
			sourceTree = "<group>";
		};
		67243F1B264FBD4C00139AC6 /* Coupon barcode screen */ = {
			isa = PBXGroup;
			children = (
				67243F1C264FBD6E00139AC6 /* CouponBarcodeScreenController.swift */,
			);
			path = "Coupon barcode screen";
			sourceTree = "<group>";
		};
		67243F1F265005ED00139AC6 /* Camera access alert */ = {
			isa = PBXGroup;
			children = (
				67243F2626500B5300139AC6 /* CameraAccessAlert.storyboard */,
				67243F232650066100139AC6 /* CameraAccessAlertController.swift */,
			);
			path = "Camera access alert";
			sourceTree = "<group>";
		};
		67243F2926500CB600139AC6 /* QR code scanner */ = {
			isa = PBXGroup;
			children = (
				67243F2A26500CE200139AC6 /* QRCodeScanner.storyboard */,
				679012982652565900C4A4D5 /* QRCodeScannerViewModel.swift */,
				67243F2D265251CB00139AC6 /* QRCodeScannerController.swift */,
			);
			path = "QR code scanner";
			sourceTree = "<group>";
		};
		675634E2262E39A5009C4CAE /* Phone enter screen */ = {
			isa = PBXGroup;
			children = (
				675634EE262E3B7C009C4CAE /* PhoneEnterScreenViewModel.swift */,
				675634E4262E3AE4009C4CAE /* PhoneEnterScreenController.swift */,
			);
			path = "Phone enter screen";
			sourceTree = "<group>";
		};
		675634E3262E39AF009C4CAE /* Auth code enter screen */ = {
			isa = PBXGroup;
			children = (
				67F14B5B2632DFF000FF36E3 /* AuthCodeEnterScreenViewModel.swift */,
				67F14B562632DFCB00FF36E3 /* AuthCodeEnterScreenController.swift */,
			);
			path = "Auth code enter screen";
			sourceTree = "<group>";
		};
		675634F3262E3BDA009C4CAE /* Abstract */ = {
			isa = PBXGroup;
			children = (
				675634F5262E3BFE009C4CAE /* BaseViewController.swift */,
				675634F4262E3BFE009C4CAE /* BaseViewModel.swift */,
			);
			path = Abstract;
			sourceTree = "<group>";
		};
		679541A9262581EC00C04495 /* Partner specific */ = {
			isa = PBXGroup;
			children = (
				679541AF2625833C00C04495 /* Generic */,
				679541B02625834300C04495 /* SBoom */,
			);
			path = "Partner specific";
			sourceTree = "<group>";
		};
		679541AA262581FB00C04495 /* Common */ = {
			isa = PBXGroup;
			children = (
				679541AC262582FF00C04495 /* Data */,
				679541AB262582F300C04495 /* Services */,
				679541AE2625830F00C04495 /* UI components */,
				679541B1262584D400C04495 /* Screens and navigation */,
				679541B22625851200C04495 /* Utilities */,
			);
			path = Common;
			sourceTree = "<group>";
		};
		679541AB262582F300C04495 /* Services */ = {
			isa = PBXGroup;
			children = (
				67F14B332631939000FF36E3 /* APIConnector.swift */,
			);
			path = Services;
			sourceTree = "<group>";
		};
		679541AC262582FF00C04495 /* Data */ = {
			isa = PBXGroup;
			children = (
				67F14B37263193DB00FF36E3 /* Managers */,
				67F14B38263193EB00FF36E3 /* Models */,
			);
			path = Data;
			sourceTree = "<group>";
		};
		679541AE2625830F00C04495 /* UI components */ = {
			isa = PBXGroup;
			children = (
			);
			path = "UI components";
			sourceTree = "<group>";
		};
		679541AF2625833C00C04495 /* Generic */ = {
			isa = PBXGroup;
			children = (
				67FE38362625594A00750368 /* Info.plist */,
				67E9D7712629B3EA005A3C66 /* Assets.xcassets */,
				67FE38332625594A00750368 /* LaunchScreen.storyboard */,
				67B60943264C26B600C50130 /* Colors.xcassets */,
			);
			path = Generic;
			sourceTree = "<group>";
		};
		679541B02625834300C04495 /* SBoom */ = {
			isa = PBXGroup;
			children = (
				679541A626255D3E00C04495 /* Info.plist */,
				67E9D7752629B3F9005A3C66 /* Assets.xcassets */,
				67E9D77D2629B7CC005A3C66 /* LaunchScreen.storyboard */,
				67B60945264C26C400C50130 /* Colors.xcassets */,
			);
			path = SBoom;
			sourceTree = "<group>";
		};
		679541B1262584D400C04495 /* Screens and navigation */ = {
			isa = PBXGroup;
			children = (
				675634F3262E3BDA009C4CAE /* Abstract */,
				67E9D7842629B8B2005A3C66 /* Root */,
				6710935026280A1500A8B554 /* Auth */,
				6706BBEC26393DE400CE4328 /* Home */,
				67243F09264F2B1A00139AC6 /* Coupon */,
				67243F2926500CB600139AC6 /* QR code scanner */,
				67243F1F265005ED00139AC6 /* Camera access alert */,
			);
			path = "Screens and navigation";
			sourceTree = "<group>";
		};
		679541B22625851200C04495 /* Utilities */ = {
			isa = PBXGroup;
			children = (
				675634E9262E3B4B009C4CAE /* Box.swift */,
				67B60940264AB6A100C50130 /* UITableViewCell.swift */,
				67243EE7264DFE1200139AC6 /* DateHelper.swift */,
				67243EF4264E52C600139AC6 /* CurrencyHelper.swift */,
				6790129B265289D400C4A4D5 /* CameraAccessChecker.swift */,
			);
			path = Utilities;
			sourceTree = "<group>";
		};
		67DBB3FC264422DC00BBCEB4 /* Cells */ = {
			isa = PBXGroup;
			children = (
				67DBB3FF2644230A00BBCEB4 /* HomeEmptyScreenPromotionItemCell.swift */,
				67DBB4022644327F00BBCEB4 /* HomeEmptyScreenInstructionHeaderCell.swift */,
				67DBB405264432A300BBCEB4 /* HomeEmptyScreenInstructionStepCell.swift */,
			);
			path = Cells;
			sourceTree = "<group>";
		};
		67E9D7842629B8B2005A3C66 /* Root */ = {
			isa = PBXGroup;
			children = (
				67E9D7852629B8BE005A3C66 /* Root.storyboard */,
				67E9D78A2629B8E1005A3C66 /* RootController.swift */,
			);
			path = Root;
			sourceTree = "<group>";
		};
		67F14B37263193DB00FF36E3 /* Managers */ = {
			isa = PBXGroup;
			children = (
				67F14B392631941C00FF36E3 /* BaseDataManager.swift */,
				67F14B402631943900FF36E3 /* AccountManager.swift */,
				6706BBF02639425500CE4328 /* ProfileManager.swift */,
				67243ECF264C2C7300139AC6 /* HomeManager.swift */,
			);
			path = Managers;
			sourceTree = "<group>";
		};
		67F14B38263193EB00FF36E3 /* Models */ = {
			isa = PBXGroup;
			children = (
				67243ED2264D116500139AC6 /* BaseDataModel.swift */,
				67243ED5264D123700139AC6 /* PromotionModel.swift */,
				67243EE1264D697B00139AC6 /* PhotoModel.swift */,
				67243ED8264D65B100139AC6 /* CouponProgressModel.swift */,
				67243EDB264D680900139AC6 /* ReceiptModel.swift */,
				67243EDE264D681300139AC6 /* CouponModel.swift */,
			);
			path = Models;
			sourceTree = "<group>";
		};
		67FE381C2625594900750368 = {
			isa = PBXGroup;
			children = (
				67FE38272625594900750368 /* WhiteLabel-iOS */,
				67FE38262625594900750368 /* Products */,
				0D8064AC1F0769C8D693DB00 /* Pods */,
				333D1BE2F1F6707044C2E881 /* Frameworks */,
			);
			sourceTree = "<group>";
		};
		67FE38262625594900750368 /* Products */ = {
			isa = PBXGroup;
			children = (
				67FE38252625594900750368 /* Generic.app */,
				67FE384A2625596900750368 /* S-Boom.app */,
			);
			name = Products;
			sourceTree = "<group>";
		};
		67FE38272625594900750368 /* WhiteLabel-iOS */ = {
			isa = PBXGroup;
			children = (
				67FE38282625594900750368 /* AppDelegate.swift */,
				67FE382A2625594900750368 /* SceneDelegate.swift */,
				679541A9262581EC00C04495 /* Partner specific */,
				679541AA262581FB00C04495 /* Common */,
				6710936526287E1500A8B554 /* Assets */,
			);
			path = "WhiteLabel-iOS";
			sourceTree = "<group>";
		};
/* End PBXGroup section */

/* Begin PBXNativeTarget section */
		67FE38242625594900750368 /* Generic */ = {
			isa = PBXNativeTarget;
			buildConfigurationList = 67FE38392625594A00750368 /* Build configuration list for PBXNativeTarget "Generic" */;
			buildPhases = (
				DB872031F27A67585D01F23D /* [CP] Check Pods Manifest.lock */,
				67FE38212625594900750368 /* Sources */,
				67FE38222625594900750368 /* Frameworks */,
				67FE38232625594900750368 /* Resources */,
			);
			buildRules = (
			);
			dependencies = (
			);
			name = Generic;
			productName = "WhiteLabel-iOS";
			productReference = 67FE38252625594900750368 /* Generic.app */;
			productType = "com.apple.product-type.application";
		};
		67FE383D2625596900750368 /* S-Boom */ = {
			isa = PBXNativeTarget;
			buildConfigurationList = 67FE38472625596900750368 /* Build configuration list for PBXNativeTarget "S-Boom" */;
			buildPhases = (
				DDA7A582B0E0AE85A502EA1A /* [CP] Check Pods Manifest.lock */,
				67FE383E2625596900750368 /* Sources */,
				67FE38422625596900750368 /* Frameworks */,
				67FE38432625596900750368 /* Resources */,
			);
			buildRules = (
			);
			dependencies = (
			);
			name = "S-Boom";
			productName = "WhiteLabel-iOS";
			productReference = 67FE384A2625596900750368 /* S-Boom.app */;
			productType = "com.apple.product-type.application";
		};
/* End PBXNativeTarget section */

/* Begin PBXProject section */
		67FE381D2625594900750368 /* Project object */ = {
			isa = PBXProject;
			attributes = {
				LastSwiftUpdateCheck = 1240;
				LastUpgradeCheck = 1240;
				TargetAttributes = {
					67FE38242625594900750368 = {
						CreatedOnToolsVersion = 12.4;
					};
				};
			};
			buildConfigurationList = 67FE38202625594900750368 /* Build configuration list for PBXProject "WhiteLabel-iOS" */;
			compatibilityVersion = "Xcode 9.3";
			developmentRegion = en;
			hasScannedForEncodings = 0;
			knownRegions = (
				en,
				Base,
			);
			mainGroup = 67FE381C2625594900750368;
			productRefGroup = 67FE38262625594900750368 /* Products */;
			projectDirPath = "";
			projectRoot = "";
			targets = (
				67FE38242625594900750368 /* Generic */,
				67FE383D2625596900750368 /* S-Boom */,
			);
		};
/* End PBXProject section */

/* Begin PBXResourcesBuildPhase section */
		67FE38232625594900750368 /* Resources */ = {
			isa = PBXResourcesBuildPhase;
			buildActionMask = 2147483647;
			files = (
				67E9D7862629B8BE005A3C66 /* Root.storyboard in Resources */,
				6706BBEE26393DFB00CE4328 /* Home.storyboard in Resources */,
				67243F0B264F2B3A00139AC6 /* Coupon.storyboard in Resources */,
				67B60944264C26B600C50130 /* Colors.xcassets in Resources */,
				67243F07264EF30500139AC6 /* HomeScreenReceiptSectionHeader.xib in Resources */,
				6710935226280B3D00A8B554 /* Auth.storyboard in Resources */,
				67243F2726500B5300139AC6 /* CameraAccessAlert.storyboard in Resources */,
				67243F2B26500CE200139AC6 /* QRCodeScanner.storyboard in Resources */,
				6710937D262883CF00A8B554 /* Rubik-Regular.ttf in Resources */,
				6710935F26280E2000A8B554 /* Colors.xcassets in Resources */,
				67FE38352625594A00750368 /* LaunchScreen.storyboard in Resources */,
				6710937B262883CF00A8B554 /* Rubik-Medium.ttf in Resources */,
				67FE38322625594A00750368 /* CommonAssets.xcassets in Resources */,
				67E9D7722629B3EA005A3C66 /* Assets.xcassets in Resources */,
				67109379262883CF00A8B554 /* Rubik-Bold.ttf in Resources */,
				67243F04264EECDB00139AC6 /* HomeScreenCouponSectionHeader.xib in Resources */,
			);
			runOnlyForDeploymentPostprocessing = 0;
		};
		67FE38432625596900750368 /* Resources */ = {
			isa = PBXResourcesBuildPhase;
			buildActionMask = 2147483647;
			files = (
				67E9D7932629BA05005A3C66 /* Auth.storyboard in Resources */,
				6706BBEF26393DFB00CE4328 /* Home.storyboard in Resources */,
				67243F0C264F2B3B00139AC6 /* Coupon.storyboard in Resources */,
				67B60946264C26C400C50130 /* Colors.xcassets in Resources */,
				67243F08264EF30500139AC6 /* HomeScreenReceiptSectionHeader.xib in Resources */,
				6710936026280E2000A8B554 /* Colors.xcassets in Resources */,
				67243F2826500B5300139AC6 /* CameraAccessAlert.storyboard in Resources */,
				67243F2C26500CE200139AC6 /* QRCodeScanner.storyboard in Resources */,
				6710937E262883CF00A8B554 /* Rubik-Regular.ttf in Resources */,
				67E9D7872629B8BE005A3C66 /* Root.storyboard in Resources */,
				6710937A262883CF00A8B554 /* Rubik-Bold.ttf in Resources */,
				67E9D7762629B3F9005A3C66 /* Assets.xcassets in Resources */,
				67E9D77F2629B7CC005A3C66 /* LaunchScreen.storyboard in Resources */,
				67FE38452625596900750368 /* CommonAssets.xcassets in Resources */,
				6710937C262883CF00A8B554 /* Rubik-Medium.ttf in Resources */,
				67243F05264EECDB00139AC6 /* HomeScreenCouponSectionHeader.xib in Resources */,
			);
			runOnlyForDeploymentPostprocessing = 0;
		};
/* End PBXResourcesBuildPhase section */

/* Begin PBXShellScriptBuildPhase section */
		DB872031F27A67585D01F23D /* [CP] Check Pods Manifest.lock */ = {
			isa = PBXShellScriptBuildPhase;
			buildActionMask = 2147483647;
			files = (
			);
			inputFileListPaths = (
			);
			inputPaths = (
				"${PODS_PODFILE_DIR_PATH}/Podfile.lock",
				"${PODS_ROOT}/Manifest.lock",
			);
			name = "[CP] Check Pods Manifest.lock";
			outputFileListPaths = (
			);
			outputPaths = (
				"$(DERIVED_FILE_DIR)/Pods-Generic-checkManifestLockResult.txt",
			);
			runOnlyForDeploymentPostprocessing = 0;
			shellPath = /bin/sh;
			shellScript = "diff \"${PODS_PODFILE_DIR_PATH}/Podfile.lock\" \"${PODS_ROOT}/Manifest.lock\" > /dev/null\nif [ $? != 0 ] ; then\n    # print error to STDERR\n    echo \"error: The sandbox is not in sync with the Podfile.lock. Run 'pod install' or update your CocoaPods installation.\" >&2\n    exit 1\nfi\n# This output is used by Xcode 'outputs' to avoid re-running this script phase.\necho \"SUCCESS\" > \"${SCRIPT_OUTPUT_FILE_0}\"\n";
			showEnvVarsInLog = 0;
		};
		DDA7A582B0E0AE85A502EA1A /* [CP] Check Pods Manifest.lock */ = {
			isa = PBXShellScriptBuildPhase;
			buildActionMask = 2147483647;
			files = (
			);
			inputFileListPaths = (
			);
			inputPaths = (
				"${PODS_PODFILE_DIR_PATH}/Podfile.lock",
				"${PODS_ROOT}/Manifest.lock",
			);
			name = "[CP] Check Pods Manifest.lock";
			outputFileListPaths = (
			);
			outputPaths = (
				"$(DERIVED_FILE_DIR)/Pods-S-Boom-checkManifestLockResult.txt",
			);
			runOnlyForDeploymentPostprocessing = 0;
			shellPath = /bin/sh;
			shellScript = "diff \"${PODS_PODFILE_DIR_PATH}/Podfile.lock\" \"${PODS_ROOT}/Manifest.lock\" > /dev/null\nif [ $? != 0 ] ; then\n    # print error to STDERR\n    echo \"error: The sandbox is not in sync with the Podfile.lock. Run 'pod install' or update your CocoaPods installation.\" >&2\n    exit 1\nfi\n# This output is used by Xcode 'outputs' to avoid re-running this script phase.\necho \"SUCCESS\" > \"${SCRIPT_OUTPUT_FILE_0}\"\n";
			showEnvVarsInLog = 0;
		};
/* End PBXShellScriptBuildPhase section */

/* Begin PBXSourcesBuildPhase section */
		67FE38212625594900750368 /* Sources */ = {
			isa = PBXSourcesBuildPhase;
			buildActionMask = 2147483647;
			files = (
				67F14B342631939000FF36E3 /* APIConnector.swift in Sources */,
				67C045E726458F02006D1829 /* HomeEmptyScreenViewModel.swift in Sources */,
				67F14B412631943900FF36E3 /* AccountManager.swift in Sources */,
				679012992652565900C4A4D5 /* QRCodeScannerViewModel.swift in Sources */,
				6706BBF4263C1AC300CE4328 /* HomeEmptyScreenController.swift in Sources */,
				67FE38292625594900750368 /* AppDelegate.swift in Sources */,
				6706BC01263C464600CE4328 /* HomeInitialScreenViewModel.swift in Sources */,
				67243ED9264D65B100139AC6 /* CouponProgressModel.swift in Sources */,
				67243EF5264E52C600139AC6 /* CurrencyHelper.swift in Sources */,
				6706BBEA263933A400CE4328 /* EmailEnterScreenViewModel.swift in Sources */,
				6706BBFD263C1B3E00CE4328 /* HomeInitialScreenController.swift in Sources */,
				67243EF8264E75F900139AC6 /* HomeScreenCouponViewModel.swift in Sources */,
				67243F19264F320A00139AC6 /* CouponDetailScreenInstructionStepCell.swift in Sources */,
				67243EE5264DEC2B00139AC6 /* HomeScreenViewModel.swift in Sources */,
				6706BBE02638A85100CE4328 /* NameEnterScreenController.swift in Sources */,
				67243EDC264D680900139AC6 /* ReceiptModel.swift in Sources */,
				67B60941264AB6A100C50130 /* UITableViewCell.swift in Sources */,
				67243F0F264F2BCC00139AC6 /* CouponDetailScreenController.swift in Sources */,
				67DBB4032644327F00BBCEB4 /* HomeEmptyScreenInstructionHeaderCell.swift in Sources */,
				67243ED6264D123700139AC6 /* PromotionModel.swift in Sources */,
				6706BBF9263C1AE800CE4328 /* HomeScreenController.swift in Sources */,
				67FE382B2625594900750368 /* SceneDelegate.swift in Sources */,
				675634E5262E3AE4009C4CAE /* PhoneEnterScreenController.swift in Sources */,
				67243ED3264D116500139AC6 /* BaseDataModel.swift in Sources */,
				6706BBF12639425500CE4328 /* ProfileManager.swift in Sources */,
				6790129C265289D400C4A4D5 /* CameraAccessChecker.swift in Sources */,
				67243F2E265251CB00139AC6 /* QRCodeScannerController.swift in Sources */,
				67DBB406264432A300BBCEB4 /* HomeEmptyScreenInstructionStepCell.swift in Sources */,
				67243ED0264C2C7300139AC6 /* HomeManager.swift in Sources */,
				67243F1D264FBD6E00139AC6 /* CouponBarcodeScreenController.swift in Sources */,
				67DBB4002644230A00BBCEB4 /* HomeEmptyScreenPromotionItemCell.swift in Sources */,
				67243EFE264EEC2000139AC6 /* HomeScreenCouponSectionHeader.swift in Sources */,
				67243F01264EEC3900139AC6 /* HomeScreenReceiptSectionHeader.swift in Sources */,
				67F14B572632DFCB00FF36E3 /* AuthCodeEnterScreenController.swift in Sources */,
				67243F242650066100139AC6 /* CameraAccessAlertController.swift in Sources */,
				67243F12264F2BD700139AC6 /* CouponDetailScreenViewModel.swift in Sources */,
				675634F6262E3BFE009C4CAE /* BaseViewModel.swift in Sources */,
				6706BBE42638A87D00CE4328 /* NameEnterScreenViewModel.swift in Sources */,
				67243EEF264E4F4200139AC6 /* HomeScreenCouponCell.swift in Sources */,
				67E9D78B2629B8E1005A3C66 /* RootController.swift in Sources */,
				67243F16264F31E300139AC6 /* CouponDetailScreenMainInfoCell.swift in Sources */,
				67243EDF264D681300139AC6 /* CouponModel.swift in Sources */,
				6706BBE72639339700CE4328 /* EmailEnterScreenController.swift in Sources */,
				675634F8262E3BFE009C4CAE /* BaseViewController.swift in Sources */,
				675634EF262E3B7C009C4CAE /* PhoneEnterScreenViewModel.swift in Sources */,
				67243EEC264E4F3700139AC6 /* HomeScreenCouponProgressCell.swift in Sources */,
				67243EE2264D697B00139AC6 /* PhotoModel.swift in Sources */,
				67F14B5C2632DFF000FF36E3 /* AuthCodeEnterScreenViewModel.swift in Sources */,
				67243EE8264DFE1200139AC6 /* DateHelper.swift in Sources */,
				67243EF2264E4F4C00139AC6 /* HomeScreenReceiptCell.swift in Sources */,
				67F14B3A2631941C00FF36E3 /* BaseDataManager.swift in Sources */,
				67243EFB264E764900139AC6 /* HomeScreenReceiptViewModel.swift in Sources */,
				675634EA262E3B4B009C4CAE /* Box.swift in Sources */,
			);
			runOnlyForDeploymentPostprocessing = 0;
		};
		67FE383E2625596900750368 /* Sources */ = {
			isa = PBXSourcesBuildPhase;
			buildActionMask = 2147483647;
			files = (
				67F14B3B2631941C00FF36E3 /* BaseDataManager.swift in Sources */,
				67C045E826458F02006D1829 /* HomeEmptyScreenViewModel.swift in Sources */,
				67FE38402625596900750368 /* AppDelegate.swift in Sources */,
				6790129A2652565900C4A4D5 /* QRCodeScannerViewModel.swift in Sources */,
				6706BBF5263C1AC300CE4328 /* HomeEmptyScreenController.swift in Sources */,
				67FE38412625596900750368 /* SceneDelegate.swift in Sources */,
				6706BC02263C464600CE4328 /* HomeInitialScreenViewModel.swift in Sources */,
				67243EDA264D65B100139AC6 /* CouponProgressModel.swift in Sources */,
				67243EF6264E52C600139AC6 /* CurrencyHelper.swift in Sources */,
				6706BBEB263933A400CE4328 /* EmailEnterScreenViewModel.swift in Sources */,
				6706BBFE263C1B3E00CE4328 /* HomeInitialScreenController.swift in Sources */,
				67243EF9264E75F900139AC6 /* HomeScreenCouponViewModel.swift in Sources */,
				67243F1A264F320A00139AC6 /* CouponDetailScreenInstructionStepCell.swift in Sources */,
				67243EE6264DEC2B00139AC6 /* HomeScreenViewModel.swift in Sources */,
				6706BBE12638A85100CE4328 /* NameEnterScreenController.swift in Sources */,
				67243EDD264D680900139AC6 /* ReceiptModel.swift in Sources */,
				67B60942264AB6A100C50130 /* UITableViewCell.swift in Sources */,
				67243F10264F2BCC00139AC6 /* CouponDetailScreenController.swift in Sources */,
				67DBB4042644327F00BBCEB4 /* HomeEmptyScreenInstructionHeaderCell.swift in Sources */,
				67243ED7264D123700139AC6 /* PromotionModel.swift in Sources */,
				6706BBFA263C1AE800CE4328 /* HomeScreenController.swift in Sources */,
				675634E6262E3AE4009C4CAE /* PhoneEnterScreenController.swift in Sources */,
				675634F7262E3BFE009C4CAE /* BaseViewModel.swift in Sources */,
				67243ED4264D116500139AC6 /* BaseDataModel.swift in Sources */,
				6706BBF22639425500CE4328 /* ProfileManager.swift in Sources */,
				6790129D265289D400C4A4D5 /* CameraAccessChecker.swift in Sources */,
				67243F2F265251CC00139AC6 /* QRCodeScannerController.swift in Sources */,
				67DBB407264432A300BBCEB4 /* HomeEmptyScreenInstructionStepCell.swift in Sources */,
				67243ED1264C2C7300139AC6 /* HomeManager.swift in Sources */,
				67243F1E264FBD6E00139AC6 /* CouponBarcodeScreenController.swift in Sources */,
				67DBB4012644230A00BBCEB4 /* HomeEmptyScreenPromotionItemCell.swift in Sources */,
				67243EFF264EEC2000139AC6 /* HomeScreenCouponSectionHeader.swift in Sources */,
				67243F02264EEC3900139AC6 /* HomeScreenReceiptSectionHeader.swift in Sources */,
				67F14B582632DFCB00FF36E3 /* AuthCodeEnterScreenController.swift in Sources */,
				67243F252650066100139AC6 /* CameraAccessAlertController.swift in Sources */,
				67243F13264F2BD700139AC6 /* CouponDetailScreenViewModel.swift in Sources */,
				67F14B422631943900FF36E3 /* AccountManager.swift in Sources */,
				6706BBE52638A87D00CE4328 /* NameEnterScreenViewModel.swift in Sources */,
				67243EF0264E4F4200139AC6 /* HomeScreenCouponCell.swift in Sources */,
				67E9D78C2629B8E1005A3C66 /* RootController.swift in Sources */,
				67243F17264F31E300139AC6 /* CouponDetailScreenMainInfoCell.swift in Sources */,
				67243EE0264D681300139AC6 /* CouponModel.swift in Sources */,
				6706BBE82639339700CE4328 /* EmailEnterScreenController.swift in Sources */,
				675634F9262E3BFE009C4CAE /* BaseViewController.swift in Sources */,
				675634F0262E3B7C009C4CAE /* PhoneEnterScreenViewModel.swift in Sources */,
				67243EED264E4F3700139AC6 /* HomeScreenCouponProgressCell.swift in Sources */,
				67243EE3264D697B00139AC6 /* PhotoModel.swift in Sources */,
				67F14B5D2632DFF000FF36E3 /* AuthCodeEnterScreenViewModel.swift in Sources */,
				67243EE9264DFE1200139AC6 /* DateHelper.swift in Sources */,
				67243EF3264E4F4C00139AC6 /* HomeScreenReceiptCell.swift in Sources */,
				675634EB262E3B4B009C4CAE /* Box.swift in Sources */,
				67243EFC264E764900139AC6 /* HomeScreenReceiptViewModel.swift in Sources */,
				67F14B45263195F500FF36E3 /* APIConnector.swift in Sources */,
			);
			runOnlyForDeploymentPostprocessing = 0;
		};
/* End PBXSourcesBuildPhase section */

/* Begin PBXVariantGroup section */
		67E9D77D2629B7CC005A3C66 /* LaunchScreen.storyboard */ = {
			isa = PBXVariantGroup;
			children = (
				67E9D77E2629B7CC005A3C66 /* Base */,
			);
			name = LaunchScreen.storyboard;
			sourceTree = "<group>";
		};
		67FE38332625594A00750368 /* LaunchScreen.storyboard */ = {
			isa = PBXVariantGroup;
			children = (
				67FE38342625594A00750368 /* Base */,
			);
			name = LaunchScreen.storyboard;
			sourceTree = "<group>";
		};
/* End PBXVariantGroup section */

/* Begin XCBuildConfiguration section */
		67FE38372625594A00750368 /* Debug */ = {
			isa = XCBuildConfiguration;
			buildSettings = {
				ALWAYS_SEARCH_USER_PATHS = NO;
				CLANG_ANALYZER_NONNULL = YES;
				CLANG_ANALYZER_NUMBER_OBJECT_CONVERSION = YES_AGGRESSIVE;
				CLANG_CXX_LANGUAGE_STANDARD = "gnu++14";
				CLANG_CXX_LIBRARY = "libc++";
				CLANG_ENABLE_MODULES = YES;
				CLANG_ENABLE_OBJC_ARC = YES;
				CLANG_ENABLE_OBJC_WEAK = YES;
				CLANG_WARN_BLOCK_CAPTURE_AUTORELEASING = YES;
				CLANG_WARN_BOOL_CONVERSION = YES;
				CLANG_WARN_COMMA = YES;
				CLANG_WARN_CONSTANT_CONVERSION = YES;
				CLANG_WARN_DEPRECATED_OBJC_IMPLEMENTATIONS = YES;
				CLANG_WARN_DIRECT_OBJC_ISA_USAGE = YES_ERROR;
				CLANG_WARN_DOCUMENTATION_COMMENTS = YES;
				CLANG_WARN_EMPTY_BODY = YES;
				CLANG_WARN_ENUM_CONVERSION = YES;
				CLANG_WARN_INFINITE_RECURSION = YES;
				CLANG_WARN_INT_CONVERSION = YES;
				CLANG_WARN_NON_LITERAL_NULL_CONVERSION = YES;
				CLANG_WARN_OBJC_IMPLICIT_RETAIN_SELF = YES;
				CLANG_WARN_OBJC_LITERAL_CONVERSION = YES;
				CLANG_WARN_OBJC_ROOT_CLASS = YES_ERROR;
				CLANG_WARN_QUOTED_INCLUDE_IN_FRAMEWORK_HEADER = YES;
				CLANG_WARN_RANGE_LOOP_ANALYSIS = YES;
				CLANG_WARN_STRICT_PROTOTYPES = YES;
				CLANG_WARN_SUSPICIOUS_MOVE = YES;
				CLANG_WARN_UNGUARDED_AVAILABILITY = YES_AGGRESSIVE;
				CLANG_WARN_UNREACHABLE_CODE = YES;
				CLANG_WARN__DUPLICATE_METHOD_MATCH = YES;
				COPY_PHASE_STRIP = NO;
				DEBUG_INFORMATION_FORMAT = dwarf;
				ENABLE_STRICT_OBJC_MSGSEND = YES;
				ENABLE_TESTABILITY = YES;
				GCC_C_LANGUAGE_STANDARD = gnu11;
				GCC_DYNAMIC_NO_PIC = NO;
				GCC_NO_COMMON_BLOCKS = YES;
				GCC_OPTIMIZATION_LEVEL = 0;
				GCC_PREPROCESSOR_DEFINITIONS = (
					"DEBUG=1",
					"$(inherited)",
				);
				GCC_WARN_64_TO_32_BIT_CONVERSION = YES;
				GCC_WARN_ABOUT_RETURN_TYPE = YES_ERROR;
				GCC_WARN_UNDECLARED_SELECTOR = YES;
				GCC_WARN_UNINITIALIZED_AUTOS = YES_AGGRESSIVE;
				GCC_WARN_UNUSED_FUNCTION = YES;
				GCC_WARN_UNUSED_VARIABLE = YES;
				IPHONEOS_DEPLOYMENT_TARGET = 13.6;
				MTL_ENABLE_DEBUG_INFO = INCLUDE_SOURCE;
				MTL_FAST_MATH = YES;
				ONLY_ACTIVE_ARCH = YES;
				SDKROOT = iphoneos;
				SWIFT_ACTIVE_COMPILATION_CONDITIONS = DEBUG;
				SWIFT_OPTIMIZATION_LEVEL = "-Onone";
			};
			name = Debug;
		};
		67FE38382625594A00750368 /* Release */ = {
			isa = XCBuildConfiguration;
			buildSettings = {
				ALWAYS_SEARCH_USER_PATHS = NO;
				CLANG_ANALYZER_NONNULL = YES;
				CLANG_ANALYZER_NUMBER_OBJECT_CONVERSION = YES_AGGRESSIVE;
				CLANG_CXX_LANGUAGE_STANDARD = "gnu++14";
				CLANG_CXX_LIBRARY = "libc++";
				CLANG_ENABLE_MODULES = YES;
				CLANG_ENABLE_OBJC_ARC = YES;
				CLANG_ENABLE_OBJC_WEAK = YES;
				CLANG_WARN_BLOCK_CAPTURE_AUTORELEASING = YES;
				CLANG_WARN_BOOL_CONVERSION = YES;
				CLANG_WARN_COMMA = YES;
				CLANG_WARN_CONSTANT_CONVERSION = YES;
				CLANG_WARN_DEPRECATED_OBJC_IMPLEMENTATIONS = YES;
				CLANG_WARN_DIRECT_OBJC_ISA_USAGE = YES_ERROR;
				CLANG_WARN_DOCUMENTATION_COMMENTS = YES;
				CLANG_WARN_EMPTY_BODY = YES;
				CLANG_WARN_ENUM_CONVERSION = YES;
				CLANG_WARN_INFINITE_RECURSION = YES;
				CLANG_WARN_INT_CONVERSION = YES;
				CLANG_WARN_NON_LITERAL_NULL_CONVERSION = YES;
				CLANG_WARN_OBJC_IMPLICIT_RETAIN_SELF = YES;
				CLANG_WARN_OBJC_LITERAL_CONVERSION = YES;
				CLANG_WARN_OBJC_ROOT_CLASS = YES_ERROR;
				CLANG_WARN_QUOTED_INCLUDE_IN_FRAMEWORK_HEADER = YES;
				CLANG_WARN_RANGE_LOOP_ANALYSIS = YES;
				CLANG_WARN_STRICT_PROTOTYPES = YES;
				CLANG_WARN_SUSPICIOUS_MOVE = YES;
				CLANG_WARN_UNGUARDED_AVAILABILITY = YES_AGGRESSIVE;
				CLANG_WARN_UNREACHABLE_CODE = YES;
				CLANG_WARN__DUPLICATE_METHOD_MATCH = YES;
				COPY_PHASE_STRIP = NO;
				DEBUG_INFORMATION_FORMAT = "dwarf-with-dsym";
				ENABLE_NS_ASSERTIONS = NO;
				ENABLE_STRICT_OBJC_MSGSEND = YES;
				GCC_C_LANGUAGE_STANDARD = gnu11;
				GCC_NO_COMMON_BLOCKS = YES;
				GCC_WARN_64_TO_32_BIT_CONVERSION = YES;
				GCC_WARN_ABOUT_RETURN_TYPE = YES_ERROR;
				GCC_WARN_UNDECLARED_SELECTOR = YES;
				GCC_WARN_UNINITIALIZED_AUTOS = YES_AGGRESSIVE;
				GCC_WARN_UNUSED_FUNCTION = YES;
				GCC_WARN_UNUSED_VARIABLE = YES;
				IPHONEOS_DEPLOYMENT_TARGET = 13.6;
				MTL_ENABLE_DEBUG_INFO = NO;
				MTL_FAST_MATH = YES;
				SDKROOT = iphoneos;
				SWIFT_COMPILATION_MODE = wholemodule;
				SWIFT_OPTIMIZATION_LEVEL = "-O";
				VALIDATE_PRODUCT = YES;
			};
			name = Release;
		};
		67FE383A2625594A00750368 /* Debug */ = {
			isa = XCBuildConfiguration;
			baseConfigurationReference = 1B19222CA81983FA0DD33C2E /* Pods-Generic.debug.xcconfig */;
			buildSettings = {
				ASSETCATALOG_COMPILER_APPICON_NAME = AppIcon;
				ASSETCATALOG_COMPILER_GLOBAL_ACCENT_COLOR_NAME = AccentColor;
				CODE_SIGN_STYLE = Automatic;
				DEVELOPMENT_TEAM = 78G7TDD2DB;
				INFOPLIST_FILE = "WhiteLabel-iOS/Partner specific/Generic/Info.plist";
				IPHONEOS_DEPLOYMENT_TARGET = 13.6;
				LD_RUNPATH_SEARCH_PATHS = (
					"$(inherited)",
					"@executable_path/Frameworks",
				);
				PRODUCT_BUNDLE_IDENTIFIER = "ru.frogogo.WhiteLabel-iOS.generic";
				PRODUCT_NAME = "$(TARGET_NAME)";
				SWIFT_VERSION = 5.0;
				TARGETED_DEVICE_FAMILY = 1;
			};
			name = Debug;
		};
		67FE383B2625594A00750368 /* Release */ = {
			isa = XCBuildConfiguration;
			baseConfigurationReference = 928DEFFD579EA9EDA82B2FC8 /* Pods-Generic.release.xcconfig */;
			buildSettings = {
				ASSETCATALOG_COMPILER_APPICON_NAME = AppIcon;
				ASSETCATALOG_COMPILER_GLOBAL_ACCENT_COLOR_NAME = AccentColor;
				CODE_SIGN_STYLE = Automatic;
				DEVELOPMENT_TEAM = 78G7TDD2DB;
				INFOPLIST_FILE = "WhiteLabel-iOS/Partner specific/Generic/Info.plist";
				IPHONEOS_DEPLOYMENT_TARGET = 13.6;
				LD_RUNPATH_SEARCH_PATHS = (
					"$(inherited)",
					"@executable_path/Frameworks",
				);
				PRODUCT_BUNDLE_IDENTIFIER = "ru.frogogo.WhiteLabel-iOS.generic";
				PRODUCT_NAME = "$(TARGET_NAME)";
				SWIFT_VERSION = 5.0;
				TARGETED_DEVICE_FAMILY = 1;
			};
			name = Release;
		};
		67FE38482625596900750368 /* Debug */ = {
			isa = XCBuildConfiguration;
			baseConfigurationReference = 57680E1C2385A4C3DD9D205D /* Pods-S-Boom.debug.xcconfig */;
			buildSettings = {
				ASSETCATALOG_COMPILER_APPICON_NAME = AppIcon;
				ASSETCATALOG_COMPILER_GLOBAL_ACCENT_COLOR_NAME = AccentColor;
				CODE_SIGN_STYLE = Automatic;
				DEVELOPMENT_TEAM = 78G7TDD2DB;
				INFOPLIST_FILE = "WhiteLabel-iOS/Partner specific/SBoom/Info.plist";
				IPHONEOS_DEPLOYMENT_TARGET = 13.6;
				LD_RUNPATH_SEARCH_PATHS = (
					"$(inherited)",
					"@executable_path/Frameworks",
				);
				PRODUCT_BUNDLE_IDENTIFIER = "ru.frogogo.WhiteLabel-iOS.sboom";
				PRODUCT_NAME = "$(TARGET_NAME)";
				SWIFT_VERSION = 5.0;
				TARGETED_DEVICE_FAMILY = 1;
			};
			name = Debug;
		};
		67FE38492625596900750368 /* Release */ = {
			isa = XCBuildConfiguration;
			baseConfigurationReference = E92FD94D2CA3A34E0DA4017F /* Pods-S-Boom.release.xcconfig */;
			buildSettings = {
				ASSETCATALOG_COMPILER_APPICON_NAME = AppIcon;
				ASSETCATALOG_COMPILER_GLOBAL_ACCENT_COLOR_NAME = AccentColor;
				CODE_SIGN_STYLE = Automatic;
				DEVELOPMENT_TEAM = 78G7TDD2DB;
				INFOPLIST_FILE = "WhiteLabel-iOS/Partner specific/SBoom/Info.plist";
				IPHONEOS_DEPLOYMENT_TARGET = 13.6;
				LD_RUNPATH_SEARCH_PATHS = (
					"$(inherited)",
					"@executable_path/Frameworks",
				);
				PRODUCT_BUNDLE_IDENTIFIER = "ru.frogogo.WhiteLabel-iOS.sboom";
				PRODUCT_NAME = "$(TARGET_NAME)";
				SWIFT_VERSION = 5.0;
				TARGETED_DEVICE_FAMILY = 1;
			};
			name = Release;
		};
/* End XCBuildConfiguration section */

/* Begin XCConfigurationList section */
		67FE38202625594900750368 /* Build configuration list for PBXProject "WhiteLabel-iOS" */ = {
			isa = XCConfigurationList;
			buildConfigurations = (
				67FE38372625594A00750368 /* Debug */,
				67FE38382625594A00750368 /* Release */,
			);
			defaultConfigurationIsVisible = 0;
			defaultConfigurationName = Release;
		};
		67FE38392625594A00750368 /* Build configuration list for PBXNativeTarget "Generic" */ = {
			isa = XCConfigurationList;
			buildConfigurations = (
				67FE383A2625594A00750368 /* Debug */,
				67FE383B2625594A00750368 /* Release */,
			);
			defaultConfigurationIsVisible = 0;
			defaultConfigurationName = Release;
		};
		67FE38472625596900750368 /* Build configuration list for PBXNativeTarget "S-Boom" */ = {
			isa = XCConfigurationList;
			buildConfigurations = (
				67FE38482625596900750368 /* Debug */,
				67FE38492625596900750368 /* Release */,
			);
			defaultConfigurationIsVisible = 0;
			defaultConfigurationName = Release;
		};
/* End XCConfigurationList section */
	};
	rootObject = 67FE381D2625594900750368 /* Project object */;
}
